<?xml version="1.0" encoding="utf-8"?>
<Project ToolsVersion="4.0" xmlns="http://schemas.microsoft.com/developer/msbuild/2003">
  <ItemGroup>
    <Filter Include="Default">
      <UniqueIdentifier>{d41550dc-dbb4-4d6c-8546-1612639c4d93}</UniqueIdentifier>
    </Filter>
    <Filter Include="01.Header">
      <UniqueIdentifier>{a65dbd1d-4df9-4170-a302-b549c5ced595}</UniqueIdentifier>
    </Filter>
    <Filter Include="02.Engine">
      <UniqueIdentifier>{971651df-a2fd-459a-9a42-0e65568bc662}</UniqueIdentifier>
    </Filter>
    <Filter Include="03.Device">
      <UniqueIdentifier>{832f972a-d519-4c63-9438-bf708b165cfc}</UniqueIdentifier>
    </Filter>
    <Filter Include="Entity">
      <UniqueIdentifier>{bfea5ba1-c2d2-4ef3-a9d6-a2a0cf027b2c}</UniqueIdentifier>
    </Filter>
    <Filter Include="Module">
      <UniqueIdentifier>{0ff23eb8-30ba-4318-92f6-ad3621c1f7bf}</UniqueIdentifier>
    </Filter>
    <Filter Include="ShaderCode">
      <UniqueIdentifier>{165106a6-b5ba-4817-a373-ade1d8661c11}</UniqueIdentifier>
    </Filter>
    <Filter Include="05.Level">
      <UniqueIdentifier>{7840689d-f74e-4530-88cf-0250fc73ddd0}</UniqueIdentifier>
    </Filter>
    <Filter Include="04.Manager">
      <UniqueIdentifier>{95d8fa02-13b4-4ee3-be2b-ddd26d9443f1}</UniqueIdentifier>
    </Filter>
    <Filter Include="04.Manager\Key">
      <UniqueIdentifier>{dc8bf656-b9af-4338-9aad-b9d450f8c5ad}</UniqueIdentifier>
    </Filter>
    <Filter Include="04.Manager\Path">
      <UniqueIdentifier>{cbb98298-7826-452c-bf94-b25f5e57378d}</UniqueIdentifier>
    </Filter>
    <Filter Include="04.Manager\Time">
      <UniqueIdentifier>{e1bad947-6fcf-4517-8d3f-c942a9af9025}</UniqueIdentifier>
    </Filter>
    <Filter Include="06.Asset">
      <UniqueIdentifier>{7e28d628-9b39-4e7d-a292-ba5c395b58a4}</UniqueIdentifier>
    </Filter>
    <Filter Include="06.Asset\Mesh">
      <UniqueIdentifier>{6f37d148-d761-4fce-8605-7ce7b7e6c30c}</UniqueIdentifier>
    </Filter>
    <Filter Include="06.Asset\Shader">
      <UniqueIdentifier>{026cda2e-6c38-4fbf-855d-1acf2f3082f5}</UniqueIdentifier>
    </Filter>
    <Filter Include="07.GameObject">
      <UniqueIdentifier>{a7bc1ee4-17f2-4a51-a213-35d292578dbc}</UniqueIdentifier>
    </Filter>
    <Filter Include="08.Component">
      <UniqueIdentifier>{f69b7059-245d-4d5d-a510-7cc6e44a4a84}</UniqueIdentifier>
    </Filter>
    <Filter Include="08.Component\01.Transform">
      <UniqueIdentifier>{5e3ae2a0-e73e-4b44-ae59-0e6352641686}</UniqueIdentifier>
    </Filter>
    <Filter Include="08.Component\02.Collider2D">
      <UniqueIdentifier>{58ea1d48-610f-4352-8f78-bd563fa77013}</UniqueIdentifier>
    </Filter>
    <Filter Include="08.Component\04.Animato">
      <UniqueIdentifier>{7e612470-fd48-4ab8-8803-ba041272e61d}</UniqueIdentifier>
    </Filter>
    <Filter Include="08.Component\06.Light2D">
      <UniqueIdentifier>{62dd1e90-7cac-4bcc-84b1-d99a76428b4d}</UniqueIdentifier>
    </Filter>
    <Filter Include="08.Component\08.Camera">
      <UniqueIdentifier>{f245a961-16d8-44e2-9a24-696ca9befcb1}</UniqueIdentifier>
    </Filter>
    <Filter Include="06.Asset\Shader\ComputerShader">
      <UniqueIdentifier>{a79d3d64-c039-4f58-8f12-c9cf634c8ae1}</UniqueIdentifier>
    </Filter>
    <Filter Include="06.Asset\Shader\GraphicShader">
      <UniqueIdentifier>{e0b22b71-eb2b-4689-b132-287bfc59850b}</UniqueIdentifier>
    </Filter>
    <Filter Include="03.Device\ConstantBuffer">
      <UniqueIdentifier>{a26bab92-2700-4197-b913-7c1ded1ec2aa}</UniqueIdentifier>
    </Filter>
    <Filter Include="05.Level\Layer">
      <UniqueIdentifier>{97404145-555e-4c99-b9b5-6f4cbf7d8853}</UniqueIdentifier>
    </Filter>
    <Filter Include="04.Manager\Level">
      <UniqueIdentifier>{6d6fcb16-d446-450f-85ff-603886b0bbfc}</UniqueIdentifier>
    </Filter>
    <Filter Include="04.Manager\Asset">
      <UniqueIdentifier>{c63cd9c8-ec16-4c1f-9a95-1956f28490bd}</UniqueIdentifier>
    </Filter>
    <Filter Include="08.Component\RenderComponent">
      <UniqueIdentifier>{6c0cdacd-5d03-48b1-a6c7-48e784d3d562}</UniqueIdentifier>
    </Filter>
    <Filter Include="08.Component\RenderComponent\01.MeshRender">
      <UniqueIdentifier>{1bf9764b-aa9e-44a1-a28c-aad8d7b962a0}</UniqueIdentifier>
    </Filter>
    <Filter Include="06.Asset\Material">
      <UniqueIdentifier>{48fb8816-14fd-4b92-8062-f54201972f6b}</UniqueIdentifier>
    </Filter>
    <Filter Include="06.Asset\MeshData">
      <UniqueIdentifier>{f410e22d-fb81-42b9-9fea-d5fc67cef13f}</UniqueIdentifier>
    </Filter>
    <Filter Include="06.Asset\Sound">
      <UniqueIdentifier>{c2e43a77-6a5e-43aa-8123-c13d83d55412}</UniqueIdentifier>
    </Filter>
    <Filter Include="08.Component\Scripts">
      <UniqueIdentifier>{02fc3c50-5fb4-4801-9123-77a2831a9b5c}</UniqueIdentifier>
    </Filter>
    <Filter Include="08.Component\Scripts\CameraMove">
      <UniqueIdentifier>{692e4b12-8075-4a41-9424-242e66177bb3}</UniqueIdentifier>
    </Filter>
    <Filter Include="08.Component\Scripts\Player">
      <UniqueIdentifier>{ce5cb2a5-c952-46b0-a138-399bcca74a1f}</UniqueIdentifier>
    </Filter>
  </ItemGroup>
  <ItemGroup>
    <ClInclude Include="framework.h">
      <Filter>Default</Filter>
    </ClInclude>
    <ClInclude Include="pch.h">
      <Filter>Default</Filter>
    </ClInclude>
    <ClInclude Include="define.h">
      <Filter>01.Header</Filter>
    </ClInclude>
    <ClInclude Include="global.h">
      <Filter>01.Header</Filter>
    </ClInclude>
    <ClInclude Include="struct.h">
      <Filter>01.Header</Filter>
    </ClInclude>
    <ClInclude Include="singleton.h">
      <Filter>01.Header</Filter>
    </ClInclude>
    <ClInclude Include="CDevice.h">
      <Filter>03.Device</Filter>
    </ClInclude>
    <ClInclude Include="CEngine.h">
      <Filter>02.Engine</Filter>
    </ClInclude>
    <ClInclude Include="CEntity.h">
      <Filter>Entity</Filter>
    </ClInclude>
    <ClInclude Include="CLevel.h">
      <Filter>05.Level</Filter>
    </ClInclude>
    <ClInclude Include="SimpleMath.h">
      <Filter>Module</Filter>
    </ClInclude>
    <ClInclude Include="CKeyMgr.h">
      <Filter>04.Manager\Key</Filter>
    </ClInclude>
    <ClInclude Include="CTimeMgr.h">
      <Filter>04.Manager\Time</Filter>
    </ClInclude>
    <ClInclude Include="CPathMgr.h">
      <Filter>04.Manager\Path</Filter>
    </ClInclude>
    <ClInclude Include="CAsset.h">
      <Filter>06.Asset</Filter>
    </ClInclude>
    <ClInclude Include="CGameObject.h">
      <Filter>07.GameObject</Filter>
    </ClInclude>
    <ClInclude Include="CComponent.h">
      <Filter>08.Component</Filter>
    </ClInclude>
    <ClInclude Include="CMesh.h">
      <Filter>06.Asset\Mesh</Filter>
    </ClInclude>
    <ClInclude Include="CGraphicsShader.h">
      <Filter>06.Asset\Shader\GraphicShader</Filter>
    </ClInclude>
    <ClInclude Include="CShader.h">
      <Filter>06.Asset\Shader</Filter>
    </ClInclude>
    <ClInclude Include="CTransform.h">
      <Filter>08.Component\01.Transform</Filter>
    </ClInclude>
    <ClInclude Include="func.h">
      <Filter>01.Header</Filter>
    </ClInclude>
    <ClInclude Include="CConstBuffer.h">
      <Filter>03.Device\ConstantBuffer</Filter>
    </ClInclude>
    <ClInclude Include="CRenderComponent.h">
      <Filter>08.Component\RenderComponent</Filter>
    </ClInclude>
    <ClInclude Include="CMeshRender.h">
      <Filter>08.Component\RenderComponent\01.MeshRender</Filter>
    </ClInclude>
    <ClInclude Include="CLayer.h">
      <Filter>05.Level\Layer</Filter>
    </ClInclude>
    <ClInclude Include="CLevelMgr.h">
      <Filter>04.Manager\Level</Filter>
    </ClInclude>
    <ClInclude Include="CScript.h">
      <Filter>08.Component\Scripts</Filter>
    </ClInclude>
    <ClInclude Include="CCamera.h">
      <Filter>08.Component\08.Camera</Filter>
    </ClInclude>
    <ClInclude Include="CPlayerScript.h">
      <Filter>08.Component\Scripts\Player</Filter>
    </ClInclude>
    <ClInclude Include="CAssetMgr.h">
      <Filter>04.Manager\Asset</Filter>
    </ClInclude>
    <ClInclude Include="components.h">
      <Filter>01.Header</Filter>
    </ClInclude>
    <ClInclude Include="CCameraMoveScript.h">
      <Filter>08.Component\Scripts\CameraMove</Filter>
    </ClInclude>
  </ItemGroup>
  <ItemGroup>
    <ClCompile Include="Engine.cpp">
      <Filter>Default</Filter>
    </ClCompile>
    <ClCompile Include="pch.cpp">
      <Filter>Default</Filter>
    </ClCompile>
    <ClCompile Include="CDevice.cpp">
      <Filter>03.Device</Filter>
    </ClCompile>
    <ClCompile Include="CEngine.cpp">
      <Filter>02.Engine</Filter>
    </ClCompile>
    <ClCompile Include="CEntity.cpp">
      <Filter>Entity</Filter>
    </ClCompile>
    <ClCompile Include="CLevel.cpp">
      <Filter>05.Level</Filter>
    </ClCompile>
    <ClCompile Include="CKeyMgr.cpp">
      <Filter>04.Manager\Key</Filter>
    </ClCompile>
    <ClCompile Include="CTimeMgr.cpp">
      <Filter>04.Manager\Time</Filter>
    </ClCompile>
    <ClCompile Include="CPathMgr.cpp">
      <Filter>04.Manager\Path</Filter>
    </ClCompile>
    <ClCompile Include="CAsset.cpp">
      <Filter>06.Asset</Filter>
    </ClCompile>
    <ClCompile Include="CGameObject.cpp">
      <Filter>07.GameObject</Filter>
    </ClCompile>
    <ClCompile Include="CComponent.cpp">
      <Filter>08.Component</Filter>
    </ClCompile>
    <ClCompile Include="CMesh.cpp">
      <Filter>06.Asset\Mesh</Filter>
    </ClCompile>
    <ClCompile Include="CGraphicsShader.cpp">
      <Filter>06.Asset\Shader\GraphicShader</Filter>
    </ClCompile>
    <ClCompile Include="CShader.cpp">
      <Filter>06.Asset\Shader</Filter>
    </ClCompile>
    <ClCompile Include="CTransform.cpp">
      <Filter>08.Component\01.Transform</Filter>
    </ClCompile>
    <ClCompile Include="CConstBuffer.cpp">
      <Filter>03.Device\ConstantBuffer</Filter>
    </ClCompile>
    <ClCompile Include="CRenderComponent.cpp">
      <Filter>08.Component\RenderComponent</Filter>
    </ClCompile>
    <ClCompile Include="CMeshRender.cpp">
      <Filter>08.Component\RenderComponent\01.MeshRender</Filter>
    </ClCompile>
    <ClCompile Include="CLayer.cpp">
      <Filter>05.Level\Layer</Filter>
    </ClCompile>
    <ClCompile Include="CLevelMgr.cpp">
      <Filter>04.Manager\Level</Filter>
    </ClCompile>
    <ClCompile Include="CScript.cpp">
      <Filter>08.Component\Scripts</Filter>
    </ClCompile>
    <ClCompile Include="CCamera.cpp">
      <Filter>08.Component\08.Camera</Filter>
    </ClCompile>
    <ClCompile Include="CPlayerScript.cpp">
      <Filter>08.Component\Scripts\Player</Filter>
    </ClCompile>
    <ClCompile Include="CAssetMgr.cpp">
      <Filter>04.Manager\Asset</Filter>
    </ClCompile>
    <ClCompile Include="extern.cpp">
      <Filter>01.Header</Filter>
    </ClCompile>
    <ClCompile Include="CCameraMoveScript.cpp">
      <Filter>08.Component\Scripts\CameraMove</Filter>
    </ClCompile>
  </ItemGroup>
  <ItemGroup>
    <None Include="SimpleMath.inl">
      <Filter>Module</Filter>
    </None>
  </ItemGroup>
  <ItemGroup>
    <FxCompile Include="std2d.fx">
      <Filter>ShaderCode</Filter>
    </FxCompile>
  </ItemGroup>
</Project>