<?xml version="1.0" encoding="utf-8"?>
<Project ToolsVersion="4.0" xmlns="http://schemas.microsoft.com/developer/msbuild/2003">
  <ItemGroup>
    <Filter Include="Default">
      <UniqueIdentifier>{d41550dc-dbb4-4d6c-8546-1612639c4d93}</UniqueIdentifier>
    </Filter>
    <Filter Include="01.Header">
      <UniqueIdentifier>{a65dbd1d-4df9-4170-a302-b549c5ced595}</UniqueIdentifier>
    </Filter>
    <Filter Include="02.Engine">
      <UniqueIdentifier>{971651df-a2fd-459a-9a42-0e65568bc662}</UniqueIdentifier>
    </Filter>
    <Filter Include="03.Device">
      <UniqueIdentifier>{832f972a-d519-4c63-9438-bf708b165cfc}</UniqueIdentifier>
    </Filter>
    <Filter Include="Entity">
      <UniqueIdentifier>{bfea5ba1-c2d2-4ef3-a9d6-a2a0cf027b2c}</UniqueIdentifier>
    </Filter>
    <Filter Include="Module">
      <UniqueIdentifier>{0ff23eb8-30ba-4318-92f6-ad3621c1f7bf}</UniqueIdentifier>
    </Filter>
    <Filter Include="ShaderCode">
      <UniqueIdentifier>{165106a6-b5ba-4817-a373-ade1d8661c11}</UniqueIdentifier>
    </Filter>
    <Filter Include="05.Level">
      <UniqueIdentifier>{7840689d-f74e-4530-88cf-0250fc73ddd0}</UniqueIdentifier>
    </Filter>
    <Filter Include="04.Manager">
      <UniqueIdentifier>{95d8fa02-13b4-4ee3-be2b-ddd26d9443f1}</UniqueIdentifier>
    </Filter>
    <Filter Include="04.Manager\Key">
      <UniqueIdentifier>{dc8bf656-b9af-4338-9aad-b9d450f8c5ad}</UniqueIdentifier>
    </Filter>
    <Filter Include="04.Manager\Path">
      <UniqueIdentifier>{cbb98298-7826-452c-bf94-b25f5e57378d}</UniqueIdentifier>
    </Filter>
    <Filter Include="04.Manager\Time">
      <UniqueIdentifier>{e1bad947-6fcf-4517-8d3f-c942a9af9025}</UniqueIdentifier>
    </Filter>
  </ItemGroup>
  <ItemGroup>
    <ClInclude Include="framework.h">
      <Filter>Default</Filter>
    </ClInclude>
    <ClInclude Include="pch.h">
      <Filter>Default</Filter>
    </ClInclude>
    <ClInclude Include="define.h">
      <Filter>01.Header</Filter>
    </ClInclude>
    <ClInclude Include="global.h">
      <Filter>01.Header</Filter>
    </ClInclude>
    <ClInclude Include="struct.h">
      <Filter>01.Header</Filter>
    </ClInclude>
    <ClInclude Include="singleton.h">
      <Filter>01.Header</Filter>
    </ClInclude>
    <ClInclude Include="CDevice.h">
      <Filter>03.Device</Filter>
    </ClInclude>
    <ClInclude Include="CEngine.h">
      <Filter>02.Engine</Filter>
    </ClInclude>
    <ClInclude Include="CEntity.h">
      <Filter>Entity</Filter>
    </ClInclude>
    <ClInclude Include="CLevel.h">
      <Filter>05.Level</Filter>
    </ClInclude>
    <ClInclude Include="Test.h" />
    <ClInclude Include="SimpleMath.h">
      <Filter>Module</Filter>
    </ClInclude>
    <ClInclude Include="CKeyMgr.h">
      <Filter>04.Manager\Key</Filter>
    </ClInclude>
    <ClInclude Include="CTimeMgr.h">
      <Filter>04.Manager\Time</Filter>
    </ClInclude>
    <ClInclude Include="CPathMgr.h">
      <Filter>04.Manager\Path</Filter>
    </ClInclude>
  </ItemGroup>
  <ItemGroup>
    <ClCompile Include="Engine.cpp">
      <Filter>Default</Filter>
    </ClCompile>
    <ClCompile Include="pch.cpp">
      <Filter>Default</Filter>
    </ClCompile>
    <ClCompile Include="CDevice.cpp">
      <Filter>03.Device</Filter>
    </ClCompile>
    <ClCompile Include="CEngine.cpp">
      <Filter>02.Engine</Filter>
    </ClCompile>
    <ClCompile Include="CEntity.cpp">
      <Filter>Entity</Filter>
    </ClCompile>
    <ClCompile Include="CLevel.cpp">
      <Filter>05.Level</Filter>
    </ClCompile>
    <ClCompile Include="Test.cpp" />
    <ClCompile Include="CKeyMgr.cpp">
      <Filter>04.Manager\Key</Filter>
    </ClCompile>
    <ClCompile Include="CTimeMgr.cpp">
      <Filter>04.Manager\Time</Filter>
    </ClCompile>
    <ClCompile Include="CPathMgr.cpp">
      <Filter>04.Manager\Path</Filter>
    </ClCompile>
  </ItemGroup>
  <ItemGroup>
    <None Include="SimpleMath.inl">
      <Filter>Module</Filter>
    </None>
  </ItemGroup>
  <ItemGroup>
    <FxCompile Include="std2d.fx">
      <Filter>ShaderCode</Filter>
    </FxCompile>
  </ItemGroup>
</Project>